
Microsoft Visual Studio Solution File, Format Version 12.00
# Visual Studio 14
VisualStudioVersion = 14.0.23107.0
MinimumVisualStudioVersion = 10.0.40219.1
Project("{2150E333-8FDC-42A3-9474-1A3956D46DE8}") = "ComputationalUnit", "ComputationalUnit", "{B727B9B9-01EA-4D7C-9ADB-85610D3A001E}"
EndProject
Project("{2150E333-8FDC-42A3-9474-1A3956D46DE8}") = "Application", "Application", "{DA1B0307-AF5E-411A-9254-B070CFE05B7C}"
EndProject
Project("{2150E333-8FDC-42A3-9474-1A3956D46DE8}") = "Dispatching", "Dispatching", "{2818E6BB-DB4B-4776-AA8B-C00803EAFAC8}"
EndProject
Project("{2150E333-8FDC-42A3-9474-1A3956D46DE8}") = "Work", "Work", "{0ECC239D-539A-44AA-A527-2DA693199E7A}"
EndProject
Project("{2150E333-8FDC-42A3-9474-1A3956D46DE8}") = "Settings", "Settings", "{DC0C87BD-3BE7-4278-AF81-94767B51AC82}"
EndProject
Project("{FAE04EC0-301F-11D3-BF4B-00C04F79EFBC}") = "ComputationalUnit", "ComputationalUnit\ComputationalUnit.csproj", "{8F778147-1C8C-440E-9E34-C0A3ED06D1F4}"
EndProject
Project("{FAE04EC0-301F-11D3-BF4B-00C04F79EFBC}") = "ReactiveServices.ComputationalUnit.Settings", "ComputationalUnit\Settings\ReactiveServices.ComputationalUnit.Settings.csproj", "{D5C5DC52-BA8E-4532-B504-5348344FC03D}"
EndProject
Project("{FAE04EC0-301F-11D3-BF4B-00C04F79EFBC}") = "ReactiveServices.ComputationalUnit.Work", "ComputationalUnit\Work\ReactiveServices.ComputationalUnit.Work.csproj", "{ED760E83-007E-46E7-BF1B-E781EF7D655A}"
EndProject
Project("{FAE04EC0-301F-11D3-BF4B-00C04F79EFBC}") = "ReactiveServices.ComputationalUnit.Dispatching", "ComputationalUnit\Dispatching\ReactiveServices.ComputationalUnit.Dispatching.csproj", "{00C424BB-C824-4F8A-B582-6CF7790AC02B}"
EndProject
Project("{2150E333-8FDC-42A3-9474-1A3956D46DE8}") = "Tests", "Tests", "{8A50F10C-804A-47FF-A27E-68141A700757}"
EndProject
Project("{2150E333-8FDC-42A3-9474-1A3956D46DE8}") = "LoadBalancing", "LoadBalancing", "{6661D7E0-70B8-4635-8F7A-8C6AABA5F7B9}"
EndProject
Project("{2150E333-8FDC-42A3-9474-1A3956D46DE8}") = "Work", "Work", "{7092AB1D-1C24-44AA-A219-D6D81A1FD81E}"
EndProject
Project("{FAE04EC0-301F-11D3-BF4B-00C04F79EFBC}") = "ReactiveServices.ComputationalUnit.Dispatching.Tests", "ComputationalUnit\Dispatching\Tests\ReactiveServices.ComputationalUnit.Dispatching.Tests.csproj", "{C6170B11-2A9D-419D-BDFB-F8B369EC21EF}"
EndProject
Project("{2150E333-8FDC-42A3-9474-1A3956D46DE8}") = "Tests", "Tests", "{FDAA1AE8-513D-42C6-9ABA-0212471D6423}"
EndProject
Project("{2150E333-8FDC-42A3-9474-1A3956D46DE8}") = "Tests", "Tests", "{C0338A44-C52A-45F7-8F9D-DBB0F56275CB}"
EndProject
Project("{FAE04EC0-301F-11D3-BF4B-00C04F79EFBC}") = "ReactiveServices.ComputationalUnit.Dispatching.Work.Tests", "ComputationalUnit\Dispatching\Work\Tests\ReactiveServices.ComputationalUnit.Dispatching.Work.Tests.csproj", "{483392C3-2DF8-4A3F-BAC3-6B5FFC1050D7}"
EndProject
Project("{FAE04EC0-301F-11D3-BF4B-00C04F79EFBC}") = "ReactiveServices.ComputationalUnit.Dispatching.LoadBalancing.Tests", "ComputationalUnit\Dispatching\LoadBalancing\Tests\ReactiveServices.ComputationalUnit.Dispatching.LoadBalancing.Tests.csproj", "{C6E53542-9226-40A2-AE5C-467C3D1795DC}"
EndProject
Project("{2150E333-8FDC-42A3-9474-1A3956D46DE8}") = "Tests", "Tests", "{6F0F4296-DC3F-4F94-B926-A91AB0E9103D}"
EndProject
Project("{FAE04EC0-301F-11D3-BF4B-00C04F79EFBC}") = "ReactiveServices.Application", "Application\ReactiveServices.Application.csproj", "{AECC755C-7AA6-4133-AFF5-4F0E2E541D5F}"
EndProject
Project("{2150E333-8FDC-42A3-9474-1A3956D46DE8}") = "Settings", "Settings", "{DFEA344D-A664-4251-B21A-C58FCDEC732C}"
EndProject
Project("{2150E333-8FDC-42A3-9474-1A3956D46DE8}") = "Tests", "Tests", "{E5B1E5D8-2C27-4612-BE52-E9C81B82B011}"
EndProject
Project("{2150E333-8FDC-42A3-9474-1A3956D46DE8}") = "Launching", "Launching", "{CE35F4E4-9605-4218-94C3-373A2E824F77}"
EndProject
Project("{2150E333-8FDC-42A3-9474-1A3956D46DE8}") = "Tests", "Tests", "{16C7446A-00D4-414D-8DA2-4732CC13D112}"
EndProject
Project("{2150E333-8FDC-42A3-9474-1A3956D46DE8}") = "Termination", "Termination", "{760DE7D8-CCB0-450D-AA45-0D9495992056}"
EndProject
Project("{2150E333-8FDC-42A3-9474-1A3956D46DE8}") = "Monitoring", "Monitoring", "{CB25F0AF-F4D7-43A2-800F-252F2BDE72A7}"
EndProject
Project("{2150E333-8FDC-42A3-9474-1A3956D46DE8}") = "Tests", "Tests", "{B6516FD8-3B80-49EB-8506-7BA2B8AFAE29}"
EndProject
Project("{FAE04EC0-301F-11D3-BF4B-00C04F79EFBC}") = "ReactiveServices.Application.Launching.Tests", "Application\Launching\Tests\ReactiveServices.Application.Launching.Tests.csproj", "{FD259BEE-8122-4C7C-86A0-52ECF690A870}"
EndProject
Project("{FAE04EC0-301F-11D3-BF4B-00C04F79EFBC}") = "ReactiveServices.Application.Monitoring.Tests", "Application\Monitoring\Tests\ReactiveServices.Application.Monitoring.Tests.csproj", "{41DF447C-C48D-47B9-B5CD-A59A996A9933}"
EndProject
Project("{FAE04EC0-301F-11D3-BF4B-00C04F79EFBC}") = "ReactiveServices.Application.Settings.Tests", "Application\Settings\Tests\ReactiveServices.Application.Settings.Tests.csproj", "{83A648A8-248E-4142-A16C-183174E0C6DB}"
EndProject
Project("{2150E333-8FDC-42A3-9474-1A3956D46DE8}") = "Restoration", "Restoration", "{EA2508C3-96B4-4DDB-ABC1-7602F5D014FE}"
EndProject
Project("{2150E333-8FDC-42A3-9474-1A3956D46DE8}") = "Tests", "Tests", "{B4B652AD-F382-45F5-965D-D09354872FE2}"
EndProject
Project("{FAE04EC0-301F-11D3-BF4B-00C04F79EFBC}") = "ReactiveServices.Application.Restoration.Tests", "Application\Restoration\Tests\ReactiveServices.Application.Restoration.Tests.csproj", "{C8C3D028-7737-4697-B43B-07B27B85ABA3}"
EndProject
Project("{FAE04EC0-301F-11D3-BF4B-00C04F79EFBC}") = "ReactiveServices.Application.Termination.Tests", "Application\Termination\Tests\ReactiveServices.Application.Termination.Tests.csproj", "{155C6AA2-B675-405C-9486-DF943B485A8D}"
EndProject
Global
	GlobalSection(SolutionConfigurationPlatforms) = preSolution
		Debug|Any CPU = Debug|Any CPU
		Release|Any CPU = Release|Any CPU
	EndGlobalSection
	GlobalSection(ProjectConfigurationPlatforms) = postSolution
		{8F778147-1C8C-440E-9E34-C0A3ED06D1F4}.Debug|Any CPU.ActiveCfg = Debug|Any CPU
		{8F778147-1C8C-440E-9E34-C0A3ED06D1F4}.Debug|Any CPU.Build.0 = Debug|Any CPU
		{8F778147-1C8C-440E-9E34-C0A3ED06D1F4}.Release|Any CPU.ActiveCfg = Release|Any CPU
		{8F778147-1C8C-440E-9E34-C0A3ED06D1F4}.Release|Any CPU.Build.0 = Release|Any CPU
		{D5C5DC52-BA8E-4532-B504-5348344FC03D}.Debug|Any CPU.ActiveCfg = Debug|Any CPU
		{D5C5DC52-BA8E-4532-B504-5348344FC03D}.Debug|Any CPU.Build.0 = Debug|Any CPU
		{D5C5DC52-BA8E-4532-B504-5348344FC03D}.Release|Any CPU.ActiveCfg = Release|Any CPU
		{D5C5DC52-BA8E-4532-B504-5348344FC03D}.Release|Any CPU.Build.0 = Release|Any CPU
		{ED760E83-007E-46E7-BF1B-E781EF7D655A}.Debug|Any CPU.ActiveCfg = Debug|Any CPU
		{ED760E83-007E-46E7-BF1B-E781EF7D655A}.Debug|Any CPU.Build.0 = Debug|Any CPU
		{ED760E83-007E-46E7-BF1B-E781EF7D655A}.Release|Any CPU.ActiveCfg = Release|Any CPU
		{ED760E83-007E-46E7-BF1B-E781EF7D655A}.Release|Any CPU.Build.0 = Release|Any CPU
		{00C424BB-C824-4F8A-B582-6CF7790AC02B}.Debug|Any CPU.ActiveCfg = Debug|Any CPU
		{00C424BB-C824-4F8A-B582-6CF7790AC02B}.Debug|Any CPU.Build.0 = Debug|Any CPU
		{00C424BB-C824-4F8A-B582-6CF7790AC02B}.Release|Any CPU.ActiveCfg = Release|Any CPU
		{00C424BB-C824-4F8A-B582-6CF7790AC02B}.Release|Any CPU.Build.0 = Release|Any CPU
		{C6170B11-2A9D-419D-BDFB-F8B369EC21EF}.Debug|Any CPU.ActiveCfg = Debug|Any CPU
		{C6170B11-2A9D-419D-BDFB-F8B369EC21EF}.Debug|Any CPU.Build.0 = Debug|Any CPU
		{C6170B11-2A9D-419D-BDFB-F8B369EC21EF}.Release|Any CPU.ActiveCfg = Release|Any CPU
		{C6170B11-2A9D-419D-BDFB-F8B369EC21EF}.Release|Any CPU.Build.0 = Release|Any CPU
		{483392C3-2DF8-4A3F-BAC3-6B5FFC1050D7}.Debug|Any CPU.ActiveCfg = Debug|Any CPU
		{483392C3-2DF8-4A3F-BAC3-6B5FFC1050D7}.Debug|Any CPU.Build.0 = Debug|Any CPU
		{483392C3-2DF8-4A3F-BAC3-6B5FFC1050D7}.Release|Any CPU.ActiveCfg = Release|Any CPU
		{483392C3-2DF8-4A3F-BAC3-6B5FFC1050D7}.Release|Any CPU.Build.0 = Release|Any CPU
		{C6E53542-9226-40A2-AE5C-467C3D1795DC}.Debug|Any CPU.ActiveCfg = Debug|Any CPU
		{C6E53542-9226-40A2-AE5C-467C3D1795DC}.Debug|Any CPU.Build.0 = Debug|Any CPU
		{C6E53542-9226-40A2-AE5C-467C3D1795DC}.Release|Any CPU.ActiveCfg = Release|Any CPU
		{C6E53542-9226-40A2-AE5C-467C3D1795DC}.Release|Any CPU.Build.0 = Release|Any CPU
		{AECC755C-7AA6-4133-AFF5-4F0E2E541D5F}.Debug|Any CPU.ActiveCfg = Debug|Any CPU
		{AECC755C-7AA6-4133-AFF5-4F0E2E541D5F}.Debug|Any CPU.Build.0 = Debug|Any CPU
		{AECC755C-7AA6-4133-AFF5-4F0E2E541D5F}.Release|Any CPU.ActiveCfg = Release|Any CPU
		{AECC755C-7AA6-4133-AFF5-4F0E2E541D5F}.Release|Any CPU.Build.0 = Release|Any CPU
		{FD259BEE-8122-4C7C-86A0-52ECF690A870}.Debug|Any CPU.ActiveCfg = Debug|Any CPU
		{FD259BEE-8122-4C7C-86A0-52ECF690A870}.Debug|Any CPU.Build.0 = Debug|Any CPU
		{FD259BEE-8122-4C7C-86A0-52ECF690A870}.Release|Any CPU.ActiveCfg = Release|Any CPU
		{FD259BEE-8122-4C7C-86A0-52ECF690A870}.Release|Any CPU.Build.0 = Release|Any CPU
		{41DF447C-C48D-47B9-B5CD-A59A996A9933}.Debug|Any CPU.ActiveCfg = Debug|Any CPU
		{41DF447C-C48D-47B9-B5CD-A59A996A9933}.Debug|Any CPU.Build.0 = Debug|Any CPU
		{41DF447C-C48D-47B9-B5CD-A59A996A9933}.Release|Any CPU.ActiveCfg = Release|Any CPU
		{41DF447C-C48D-47B9-B5CD-A59A996A9933}.Release|Any CPU.Build.0 = Release|Any CPU
		{83A648A8-248E-4142-A16C-183174E0C6DB}.Debug|Any CPU.ActiveCfg = Debug|Any CPU
		{83A648A8-248E-4142-A16C-183174E0C6DB}.Debug|Any CPU.Build.0 = Debug|Any CPU
		{83A648A8-248E-4142-A16C-183174E0C6DB}.Release|Any CPU.ActiveCfg = Release|Any CPU
		{83A648A8-248E-4142-A16C-183174E0C6DB}.Release|Any CPU.Build.0 = Release|Any CPU
		{C8C3D028-7737-4697-B43B-07B27B85ABA3}.Debug|Any CPU.ActiveCfg = Debug|Any CPU
		{C8C3D028-7737-4697-B43B-07B27B85ABA3}.Debug|Any CPU.Build.0 = Debug|Any CPU
		{C8C3D028-7737-4697-B43B-07B27B85ABA3}.Release|Any CPU.ActiveCfg = Release|Any CPU
		{C8C3D028-7737-4697-B43B-07B27B85ABA3}.Release|Any CPU.Build.0 = Release|Any CPU
		{155C6AA2-B675-405C-9486-DF943B485A8D}.Debug|Any CPU.ActiveCfg = Debug|Any CPU
		{155C6AA2-B675-405C-9486-DF943B485A8D}.Debug|Any CPU.Build.0 = Debug|Any CPU
		{155C6AA2-B675-405C-9486-DF943B485A8D}.Release|Any CPU.ActiveCfg = Release|Any CPU
		{155C6AA2-B675-405C-9486-DF943B485A8D}.Release|Any CPU.Build.0 = Release|Any CPU
	EndGlobalSection
	GlobalSection(SolutionProperties) = preSolution
		HideSolutionNode = FALSE
	EndGlobalSection
	GlobalSection(NestedProjects) = preSolution
		{2818E6BB-DB4B-4776-AA8B-C00803EAFAC8} = {B727B9B9-01EA-4D7C-9ADB-85610D3A001E}
		{0ECC239D-539A-44AA-A527-2DA693199E7A} = {B727B9B9-01EA-4D7C-9ADB-85610D3A001E}
		{DC0C87BD-3BE7-4278-AF81-94767B51AC82} = {B727B9B9-01EA-4D7C-9ADB-85610D3A001E}
		{8F778147-1C8C-440E-9E34-C0A3ED06D1F4} = {B727B9B9-01EA-4D7C-9ADB-85610D3A001E}
		{D5C5DC52-BA8E-4532-B504-5348344FC03D} = {DC0C87BD-3BE7-4278-AF81-94767B51AC82}
		{ED760E83-007E-46E7-BF1B-E781EF7D655A} = {0ECC239D-539A-44AA-A527-2DA693199E7A}
		{00C424BB-C824-4F8A-B582-6CF7790AC02B} = {2818E6BB-DB4B-4776-AA8B-C00803EAFAC8}
		{8A50F10C-804A-47FF-A27E-68141A700757} = {2818E6BB-DB4B-4776-AA8B-C00803EAFAC8}
		{6661D7E0-70B8-4635-8F7A-8C6AABA5F7B9} = {2818E6BB-DB4B-4776-AA8B-C00803EAFAC8}
		{7092AB1D-1C24-44AA-A219-D6D81A1FD81E} = {2818E6BB-DB4B-4776-AA8B-C00803EAFAC8}
		{C6170B11-2A9D-419D-BDFB-F8B369EC21EF} = {8A50F10C-804A-47FF-A27E-68141A700757}
		{FDAA1AE8-513D-42C6-9ABA-0212471D6423} = {6661D7E0-70B8-4635-8F7A-8C6AABA5F7B9}
		{C0338A44-C52A-45F7-8F9D-DBB0F56275CB} = {7092AB1D-1C24-44AA-A219-D6D81A1FD81E}
		{483392C3-2DF8-4A3F-BAC3-6B5FFC1050D7} = {C0338A44-C52A-45F7-8F9D-DBB0F56275CB}
		{C6E53542-9226-40A2-AE5C-467C3D1795DC} = {FDAA1AE8-513D-42C6-9ABA-0212471D6423}
		{6F0F4296-DC3F-4F94-B926-A91AB0E9103D} = {760DE7D8-CCB0-450D-AA45-0D9495992056}
		{AECC755C-7AA6-4133-AFF5-4F0E2E541D5F} = {DA1B0307-AF5E-411A-9254-B070CFE05B7C}
		{DFEA344D-A664-4251-B21A-C58FCDEC732C} = {DA1B0307-AF5E-411A-9254-B070CFE05B7C}
		{E5B1E5D8-2C27-4612-BE52-E9C81B82B011} = {DFEA344D-A664-4251-B21A-C58FCDEC732C}
		{CE35F4E4-9605-4218-94C3-373A2E824F77} = {DA1B0307-AF5E-411A-9254-B070CFE05B7C}
		{16C7446A-00D4-414D-8DA2-4732CC13D112} = {CE35F4E4-9605-4218-94C3-373A2E824F77}
		{760DE7D8-CCB0-450D-AA45-0D9495992056} = {DA1B0307-AF5E-411A-9254-B070CFE05B7C}
		{CB25F0AF-F4D7-43A2-800F-252F2BDE72A7} = {DA1B0307-AF5E-411A-9254-B070CFE05B7C}
		{B6516FD8-3B80-49EB-8506-7BA2B8AFAE29} = {CB25F0AF-F4D7-43A2-800F-252F2BDE72A7}
		{FD259BEE-8122-4C7C-86A0-52ECF690A870} = {16C7446A-00D4-414D-8DA2-4732CC13D112}
		{41DF447C-C48D-47B9-B5CD-A59A996A9933} = {B6516FD8-3B80-49EB-8506-7BA2B8AFAE29}
		{83A648A8-248E-4142-A16C-183174E0C6DB} = {E5B1E5D8-2C27-4612-BE52-E9C81B82B011}
		{EA2508C3-96B4-4DDB-ABC1-7602F5D014FE} = {DA1B0307-AF5E-411A-9254-B070CFE05B7C}
		{B4B652AD-F382-45F5-965D-D09354872FE2} = {EA2508C3-96B4-4DDB-ABC1-7602F5D014FE}
		{C8C3D028-7737-4697-B43B-07B27B85ABA3} = {B4B652AD-F382-45F5-965D-D09354872FE2}
		{155C6AA2-B675-405C-9486-DF943B485A8D} = {6F0F4296-DC3F-4F94-B926-A91AB0E9103D}
	EndGlobalSection
EndGlobal
